
Microsoft Visual Studio Solution File, Format Version 12.00
# Visual Studio Version 17
VisualStudioVersion = 17.0.31912.275
MinimumVisualStudioVersion = 10.0.40219.1
Project("{9A19103F-16F7-4668-BE54-9A1E7A4F7556}") = "UDP_UI", "UDP_UI.csproj", "{BACC80F0-CFAD-46DB-A318-F1E04EA5322F}"
EndProject
Global
	GlobalSection(SolutionConfigurationPlatforms) = preSolution
		Debug|Any CPU = Debug|Any CPU
		Debug|x64 = Debug|x64
		Release|Any CPU = Release|Any CPU
		Release|x64 = Release|x64
	EndGlobalSection
	GlobalSection(ProjectConfigurationPlatforms) = postSolution
		{BACC80F0-CFAD-46DB-A318-F1E04EA5322F}.Debug|Any CPU.ActiveCfg = Debug|Any CPU
		{BACC80F0-CFAD-46DB-A318-F1E04EA5322F}.Debug|Any CPU.Build.0 = Debug|Any CPU
		{BACC80F0-CFAD-46DB-A318-F1E04EA5322F}.Debug|x64.ActiveCfg = Debug|x64
		{BACC80F0-CFAD-46DB-A318-F1E04EA5322F}.Debug|x64.Build.0 = Debug|x64
		{BACC80F0-CFAD-46DB-A318-F1E04EA5322F}.Release|Any CPU.ActiveCfg = Release|Any CPU
		{BACC80F0-CFAD-46DB-A318-F1E04EA5322F}.Release|Any CPU.Build.0 = Release|Any CPU
		{BACC80F0-CFAD-46DB-A318-F1E04EA5322F}.Release|x64.ActiveCfg = Release|x64
		{BACC80F0-CFAD-46DB-A318-F1E04EA5322F}.Release|x64.Build.0 = Release|x64
	EndGlobalSection
	GlobalSection(SolutionProperties) = preSolution
		HideSolutionNode = FALSE
	EndGlobalSection
	GlobalSection(ExtensibilityGlobals) = postSolution
		SolutionGuid = {C0495104-3A90-4D74-87DD-97329B866D72}
	EndGlobalSection
EndGlobal
